
Microsoft Visual Studio Solution File, Format Version 12.00
# Visual Studio Version 16
VisualStudioVersion = 16.0.32428.217
MinimumVisualStudioVersion = 10.0.40219.1
Project("{9A19103F-16F7-4668-BE54-9A1E7A4F7556}") = "ParticipationMicroservice", "ParticipationMicroservice.csproj", "{0C0321FA-6C86-412C-AD81-C9F2497A3026}"
EndProject
Project("{FAE04EC0-301F-11D3-BF4B-00C04F79EFBC}") = "ParticipationTest", "..\ParticipationTest\ParticipationTest.csproj", "{5FDC0A9C-BBF0-4FC6-8735-0A9022B38747}"
EndProject
Global
	GlobalSection(SolutionConfigurationPlatforms) = preSolution
		Debug|Any CPU = Debug|Any CPU
		Release|Any CPU = Release|Any CPU
	EndGlobalSection
	GlobalSection(ProjectConfigurationPlatforms) = postSolution
		{0C0321FA-6C86-412C-AD81-C9F2497A3026}.Debug|Any CPU.ActiveCfg = Debug|Any CPU
		{0C0321FA-6C86-412C-AD81-C9F2497A3026}.Debug|Any CPU.Build.0 = Debug|Any CPU
		{0C0321FA-6C86-412C-AD81-C9F2497A3026}.Release|Any CPU.ActiveCfg = Release|Any CPU
		{0C0321FA-6C86-412C-AD81-C9F2497A3026}.Release|Any CPU.Build.0 = Release|Any CPU
		{5FDC0A9C-BBF0-4FC6-8735-0A9022B38747}.Debug|Any CPU.ActiveCfg = Debug|Any CPU
		{5FDC0A9C-BBF0-4FC6-8735-0A9022B38747}.Debug|Any CPU.Build.0 = Debug|Any CPU
		{5FDC0A9C-BBF0-4FC6-8735-0A9022B38747}.Release|Any CPU.ActiveCfg = Release|Any CPU
		{5FDC0A9C-BBF0-4FC6-8735-0A9022B38747}.Release|Any CPU.Build.0 = Release|Any CPU
	EndGlobalSection
	GlobalSection(SolutionProperties) = preSolution
		HideSolutionNode = FALSE
	EndGlobalSection
	GlobalSection(ExtensibilityGlobals) = postSolution
		SolutionGuid = {2D30C697-D98D-4116-8C57-5FE4566B5105}
	EndGlobalSection
EndGlobal
