
Microsoft Visual Studio Solution File, Format Version 12.00
# Visual Studio Version 16
VisualStudioVersion = 16.0.32428.217
MinimumVisualStudioVersion = 10.0.40219.1
Project("{FAE04EC0-301F-11D3-BF4B-00C04F79EFBC}") = "WebApplication1", "WebApplication1.csproj", "{B6A0D1C0-A8EE-47CA-A917-65DC746A6B89}"
EndProject
Global
	GlobalSection(SolutionConfigurationPlatforms) = preSolution
		Debug|Any CPU = Debug|Any CPU
		Release|Any CPU = Release|Any CPU
	EndGlobalSection
	GlobalSection(ProjectConfigurationPlatforms) = postSolution
		{B6A0D1C0-A8EE-47CA-A917-65DC746A6B89}.Debug|Any CPU.ActiveCfg = Debug|Any CPU
		{B6A0D1C0-A8EE-47CA-A917-65DC746A6B89}.Debug|Any CPU.Build.0 = Debug|Any CPU
		{B6A0D1C0-A8EE-47CA-A917-65DC746A6B89}.Release|Any CPU.ActiveCfg = Release|Any CPU
		{B6A0D1C0-A8EE-47CA-A917-65DC746A6B89}.Release|Any CPU.Build.0 = Release|Any CPU
	EndGlobalSection
	GlobalSection(SolutionProperties) = preSolution
		HideSolutionNode = FALSE
	EndGlobalSection
	GlobalSection(ExtensibilityGlobals) = postSolution
		SolutionGuid = {703527BF-96C2-4EA1-B29B-310A3CECBFE6}
	EndGlobalSection
EndGlobal
